// !$*UTF8*$!
{
	archiveVersion = 1;
	classes = {
	};
	objectVersion = 50;
	objects = {

/* Begin PBXBuildFile section */
		B518E08A237037EC0023DCD1 /* AppDelegate.swift in Sources */ = {isa = PBXBuildFile; fileRef = B518E089237037EC0023DCD1 /* AppDelegate.swift */; };
		B518E08C237037EC0023DCD1 /* ViewController.swift in Sources */ = {isa = PBXBuildFile; fileRef = B518E08B237037EC0023DCD1 /* ViewController.swift */; };
		B518E08F237037EC0023DCD1 /* Main.storyboard in Resources */ = {isa = PBXBuildFile; fileRef = B518E08D237037EC0023DCD1 /* Main.storyboard */; };
		B518E091237037ED0023DCD1 /* Assets.xcassets in Resources */ = {isa = PBXBuildFile; fileRef = B518E090237037ED0023DCD1 /* Assets.xcassets */; };
		B518E094237037ED0023DCD1 /* LaunchScreen.storyboard in Resources */ = {isa = PBXBuildFile; fileRef = B518E092237037ED0023DCD1 /* LaunchScreen.storyboard */; };
		B518E09F237037ED0023DCD1 /* iBeacon_testTests.swift in Sources */ = {isa = PBXBuildFile; fileRef = B518E09E237037ED0023DCD1 /* iBeacon_testTests.swift */; };
		B518E0AA237037ED0023DCD1 /* iBeacon_testUITests.swift in Sources */ = {isa = PBXBuildFile; fileRef = B518E0A9237037ED0023DCD1 /* iBeacon_testUITests.swift */; };
		B58627202397E93D00B4125F /* CoreMotion.framework in Frameworks */ = {isa = PBXBuildFile; fileRef = B586271F2397E93D00B4125F /* CoreMotion.framework */; };
		B58627222397E94C00B4125F /* CoreGraphics.framework in Frameworks */ = {isa = PBXBuildFile; fileRef = B58627212397E94C00B4125F /* CoreGraphics.framework */; };
/* End PBXBuildFile section */

/* Begin PBXContainerItemProxy section */
		B518E09B237037ED0023DCD1 /* PBXContainerItemProxy */ = {
			isa = PBXContainerItemProxy;
			containerPortal = B518E07E237037EC0023DCD1 /* Project object */;
			proxyType = 1;
			remoteGlobalIDString = B518E085237037EC0023DCD1;
			remoteInfo = "iBeacon test";
		};
		B518E0A6237037ED0023DCD1 /* PBXContainerItemProxy */ = {
			isa = PBXContainerItemProxy;
			containerPortal = B518E07E237037EC0023DCD1 /* Project object */;
			proxyType = 1;
			remoteGlobalIDString = B518E085237037EC0023DCD1;
			remoteInfo = "iBeacon test";
		};
/* End PBXContainerItemProxy section */

/* Begin PBXFileReference section */
		B518E086237037EC0023DCD1 /* iBeacon test.app */ = {isa = PBXFileReference; explicitFileType = wrapper.application; includeInIndex = 0; path = "iBeacon test.app"; sourceTree = BUILT_PRODUCTS_DIR; };
		B518E089237037EC0023DCD1 /* AppDelegate.swift */ = {isa = PBXFileReference; lastKnownFileType = sourcecode.swift; path = AppDelegate.swift; sourceTree = "<group>"; };
		B518E08B237037EC0023DCD1 /* ViewController.swift */ = {isa = PBXFileReference; lastKnownFileType = sourcecode.swift; path = ViewController.swift; sourceTree = "<group>"; };
		B518E08E237037EC0023DCD1 /* Base */ = {isa = PBXFileReference; lastKnownFileType = file.storyboard; name = Base; path = Base.lproj/Main.storyboard; sourceTree = "<group>"; };
		B518E090237037ED0023DCD1 /* Assets.xcassets */ = {isa = PBXFileReference; lastKnownFileType = folder.assetcatalog; path = Assets.xcassets; sourceTree = "<group>"; };
		B518E093237037ED0023DCD1 /* Base */ = {isa = PBXFileReference; lastKnownFileType = file.storyboard; name = Base; path = Base.lproj/LaunchScreen.storyboard; sourceTree = "<group>"; };
		B518E095237037ED0023DCD1 /* Info.plist */ = {isa = PBXFileReference; lastKnownFileType = text.plist.xml; path = Info.plist; sourceTree = "<group>"; };
		B518E09A237037ED0023DCD1 /* iBeacon testTests.xctest */ = {isa = PBXFileReference; explicitFileType = wrapper.cfbundle; includeInIndex = 0; path = "iBeacon testTests.xctest"; sourceTree = BUILT_PRODUCTS_DIR; };
		B518E09E237037ED0023DCD1 /* iBeacon_testTests.swift */ = {isa = PBXFileReference; lastKnownFileType = sourcecode.swift; path = iBeacon_testTests.swift; sourceTree = "<group>"; };
		B518E0A0237037ED0023DCD1 /* Info.plist */ = {isa = PBXFileReference; lastKnownFileType = text.plist.xml; path = Info.plist; sourceTree = "<group>"; };
		B518E0A5237037ED0023DCD1 /* iBeacon testUITests.xctest */ = {isa = PBXFileReference; explicitFileType = wrapper.cfbundle; includeInIndex = 0; path = "iBeacon testUITests.xctest"; sourceTree = BUILT_PRODUCTS_DIR; };
		B518E0A9237037ED0023DCD1 /* iBeacon_testUITests.swift */ = {isa = PBXFileReference; lastKnownFileType = sourcecode.swift; path = iBeacon_testUITests.swift; sourceTree = "<group>"; };
		B518E0AB237037ED0023DCD1 /* Info.plist */ = {isa = PBXFileReference; lastKnownFileType = text.plist.xml; path = Info.plist; sourceTree = "<group>"; };
		B586271F2397E93D00B4125F /* CoreMotion.framework */ = {isa = PBXFileReference; lastKnownFileType = wrapper.framework; name = CoreMotion.framework; path = System/Library/Frameworks/CoreMotion.framework; sourceTree = SDKROOT; };
		B58627212397E94C00B4125F /* CoreGraphics.framework */ = {isa = PBXFileReference; lastKnownFileType = wrapper.framework; name = CoreGraphics.framework; path = System/Library/Frameworks/CoreGraphics.framework; sourceTree = SDKROOT; };
/* End PBXFileReference section */

/* Begin PBXFrameworksBuildPhase section */
		B518E083237037EC0023DCD1 /* Frameworks */ = {
			isa = PBXFrameworksBuildPhase;
			buildActionMask = 2147483647;
			files = (
				B58627222397E94C00B4125F /* CoreGraphics.framework in Frameworks */,
				B58627202397E93D00B4125F /* CoreMotion.framework in Frameworks */,
			);
			runOnlyForDeploymentPostprocessing = 0;
		};
		B518E097237037ED0023DCD1 /* Frameworks */ = {
			isa = PBXFrameworksBuildPhase;
			buildActionMask = 2147483647;
			files = (
			);
			runOnlyForDeploymentPostprocessing = 0;
		};
		B518E0A2237037ED0023DCD1 /* Frameworks */ = {
			isa = PBXFrameworksBuildPhase;
			buildActionMask = 2147483647;
			files = (
			);
			runOnlyForDeploymentPostprocessing = 0;
		};
/* End PBXFrameworksBuildPhase section */

/* Begin PBXGroup section */
		B518E07D237037EC0023DCD1 = {
			isa = PBXGroup;
			children = (
				B518E088237037EC0023DCD1 /* iBeacon test */,
				B518E09D237037ED0023DCD1 /* iBeacon testTests */,
				B518E0A8237037ED0023DCD1 /* iBeacon testUITests */,
				B518E087237037EC0023DCD1 /* Products */,
				B586271E2397E93D00B4125F /* Frameworks */,
			);
			sourceTree = "<group>";
		};
		B518E087237037EC0023DCD1 /* Products */ = {
			isa = PBXGroup;
			children = (
				B518E086237037EC0023DCD1 /* iBeacon test.app */,
				B518E09A237037ED0023DCD1 /* iBeacon testTests.xctest */,
				B518E0A5237037ED0023DCD1 /* iBeacon testUITests.xctest */,
			);
			name = Products;
			sourceTree = "<group>";
		};
		B518E088237037EC0023DCD1 /* iBeacon test */ = {
			isa = PBXGroup;
			children = (
				B518E089237037EC0023DCD1 /* AppDelegate.swift */,
				B518E08B237037EC0023DCD1 /* ViewController.swift */,
				B518E08D237037EC0023DCD1 /* Main.storyboard */,
				B518E090237037ED0023DCD1 /* Assets.xcassets */,
				B518E092237037ED0023DCD1 /* LaunchScreen.storyboard */,
				B518E095237037ED0023DCD1 /* Info.plist */,
			);
			path = "iBeacon test";
			sourceTree = "<group>";
		};
		B518E09D237037ED0023DCD1 /* iBeacon testTests */ = {
			isa = PBXGroup;
			children = (
				B518E09E237037ED0023DCD1 /* iBeacon_testTests.swift */,
				B518E0A0237037ED0023DCD1 /* Info.plist */,
			);
			path = "iBeacon testTests";
			sourceTree = "<group>";
		};
		B518E0A8237037ED0023DCD1 /* iBeacon testUITests */ = {
			isa = PBXGroup;
			children = (
				B518E0A9237037ED0023DCD1 /* iBeacon_testUITests.swift */,
				B518E0AB237037ED0023DCD1 /* Info.plist */,
			);
			path = "iBeacon testUITests";
			sourceTree = "<group>";
		};
		B586271E2397E93D00B4125F /* Frameworks */ = {
			isa = PBXGroup;
			children = (
				B58627212397E94C00B4125F /* CoreGraphics.framework */,
				B586271F2397E93D00B4125F /* CoreMotion.framework */,
			);
			name = Frameworks;
			sourceTree = "<group>";
		};
/* End PBXGroup section */

/* Begin PBXNativeTarget section */
		B518E085237037EC0023DCD1 /* iBeacon test */ = {
			isa = PBXNativeTarget;
			buildConfigurationList = B518E0AE237037ED0023DCD1 /* Build configuration list for PBXNativeTarget "iBeacon test" */;
			buildPhases = (
				B518E082237037EC0023DCD1 /* Sources */,
				B518E083237037EC0023DCD1 /* Frameworks */,
				B518E084237037EC0023DCD1 /* Resources */,
			);
			buildRules = (
			);
			dependencies = (
			);
			name = "iBeacon test";
			productName = "iBeacon test";
			productReference = B518E086237037EC0023DCD1 /* iBeacon test.app */;
			productType = "com.apple.product-type.application";
		};
		B518E099237037ED0023DCD1 /* iBeacon testTests */ = {
			isa = PBXNativeTarget;
			buildConfigurationList = B518E0B1237037ED0023DCD1 /* Build configuration list for PBXNativeTarget "iBeacon testTests" */;
			buildPhases = (
				B518E096237037ED0023DCD1 /* Sources */,
				B518E097237037ED0023DCD1 /* Frameworks */,
				B518E098237037ED0023DCD1 /* Resources */,
			);
			buildRules = (
			);
			dependencies = (
				B518E09C237037ED0023DCD1 /* PBXTargetDependency */,
			);
			name = "iBeacon testTests";
			productName = "iBeacon testTests";
			productReference = B518E09A237037ED0023DCD1 /* iBeacon testTests.xctest */;
			productType = "com.apple.product-type.bundle.unit-test";
		};
		B518E0A4237037ED0023DCD1 /* iBeacon testUITests */ = {
			isa = PBXNativeTarget;
			buildConfigurationList = B518E0B4237037ED0023DCD1 /* Build configuration list for PBXNativeTarget "iBeacon testUITests" */;
			buildPhases = (
				B518E0A1237037ED0023DCD1 /* Sources */,
				B518E0A2237037ED0023DCD1 /* Frameworks */,
				B518E0A3237037ED0023DCD1 /* Resources */,
			);
			buildRules = (
			);
			dependencies = (
				B518E0A7237037ED0023DCD1 /* PBXTargetDependency */,
			);
			name = "iBeacon testUITests";
			productName = "iBeacon testUITests";
			productReference = B518E0A5237037ED0023DCD1 /* iBeacon testUITests.xctest */;
			productType = "com.apple.product-type.bundle.ui-testing";
		};
/* End PBXNativeTarget section */

/* Begin PBXProject section */
		B518E07E237037EC0023DCD1 /* Project object */ = {
			isa = PBXProject;
			attributes = {
				LastSwiftUpdateCheck = 1010;
				LastUpgradeCheck = 1010;
				ORGANIZATIONNAME = Keilin;
				TargetAttributes = {
					B518E085237037EC0023DCD1 = {
						CreatedOnToolsVersion = 10.1;
					};
					B518E099237037ED0023DCD1 = {
						CreatedOnToolsVersion = 10.1;
						TestTargetID = B518E085237037EC0023DCD1;
					};
					B518E0A4237037ED0023DCD1 = {
						CreatedOnToolsVersion = 10.1;
						TestTargetID = B518E085237037EC0023DCD1;
					};
				};
			};
			buildConfigurationList = B518E081237037EC0023DCD1 /* Build configuration list for PBXProject "iBeacon test" */;
			compatibilityVersion = "Xcode 9.3";
			developmentRegion = en;
			hasScannedForEncodings = 0;
			knownRegions = (
				en,
				Base,
			);
			mainGroup = B518E07D237037EC0023DCD1;
			productRefGroup = B518E087237037EC0023DCD1 /* Products */;
			projectDirPath = "";
			projectRoot = "";
			targets = (
				B518E085237037EC0023DCD1 /* iBeacon test */,
				B518E099237037ED0023DCD1 /* iBeacon testTests */,
				B518E0A4237037ED0023DCD1 /* iBeacon testUITests */,
			);
		};
/* End PBXProject section */

/* Begin PBXResourcesBuildPhase section */
		B518E084237037EC0023DCD1 /* Resources */ = {
			isa = PBXResourcesBuildPhase;
			buildActionMask = 2147483647;
			files = (
				B518E094237037ED0023DCD1 /* LaunchScreen.storyboard in Resources */,
				B518E091237037ED0023DCD1 /* Assets.xcassets in Resources */,
				B518E08F237037EC0023DCD1 /* Main.storyboard in Resources */,
			);
			runOnlyForDeploymentPostprocessing = 0;
		};
		B518E098237037ED0023DCD1 /* Resources */ = {
			isa = PBXResourcesBuildPhase;
			buildActionMask = 2147483647;
			files = (
			);
			runOnlyForDeploymentPostprocessing = 0;
		};
		B518E0A3237037ED0023DCD1 /* Resources */ = {
			isa = PBXResourcesBuildPhase;
			buildActionMask = 2147483647;
			files = (
			);
			runOnlyForDeploymentPostprocessing = 0;
		};
/* End PBXResourcesBuildPhase section */

/* Begin PBXSourcesBuildPhase section */
		B518E082237037EC0023DCD1 /* Sources */ = {
			isa = PBXSourcesBuildPhase;
			buildActionMask = 2147483647;
			files = (
				B518E08C237037EC0023DCD1 /* ViewController.swift in Sources */,
				B518E08A237037EC0023DCD1 /* AppDelegate.swift in Sources */,
			);
			runOnlyForDeploymentPostprocessing = 0;
		};
		B518E096237037ED0023DCD1 /* Sources */ = {
			isa = PBXSourcesBuildPhase;
			buildActionMask = 2147483647;
			files = (
				B518E09F237037ED0023DCD1 /* iBeacon_testTests.swift in Sources */,
			);
			runOnlyForDeploymentPostprocessing = 0;
		};
		B518E0A1237037ED0023DCD1 /* Sources */ = {
			isa = PBXSourcesBuildPhase;
			buildActionMask = 2147483647;
			files = (
				B518E0AA237037ED0023DCD1 /* iBeacon_testUITests.swift in Sources */,
			);
			runOnlyForDeploymentPostprocessing = 0;
		};
/* End PBXSourcesBuildPhase section */

/* Begin PBXTargetDependency section */
		B518E09C237037ED0023DCD1 /* PBXTargetDependency */ = {
			isa = PBXTargetDependency;
			target = B518E085237037EC0023DCD1 /* iBeacon test */;
			targetProxy = B518E09B237037ED0023DCD1 /* PBXContainerItemProxy */;
		};
		B518E0A7237037ED0023DCD1 /* PBXTargetDependency */ = {
			isa = PBXTargetDependency;
			target = B518E085237037EC0023DCD1 /* iBeacon test */;
			targetProxy = B518E0A6237037ED0023DCD1 /* PBXContainerItemProxy */;
		};
/* End PBXTargetDependency section */

/* Begin PBXVariantGroup section */
		B518E08D237037EC0023DCD1 /* Main.storyboard */ = {
			isa = PBXVariantGroup;
			children = (
				B518E08E237037EC0023DCD1 /* Base */,
			);
			name = Main.storyboard;
			sourceTree = "<group>";
		};
		B518E092237037ED0023DCD1 /* LaunchScreen.storyboard */ = {
			isa = PBXVariantGroup;
			children = (
				B518E093237037ED0023DCD1 /* Base */,
			);
			name = LaunchScreen.storyboard;
			sourceTree = "<group>";
		};
/* End PBXVariantGroup section */

/* Begin XCBuildConfiguration section */
		B518E0AC237037ED0023DCD1 /* Debug */ = {
			isa = XCBuildConfiguration;
			buildSettings = {
				ALWAYS_SEARCH_USER_PATHS = NO;
				CLANG_ANALYZER_NONNULL = YES;
				CLANG_ANALYZER_NUMBER_OBJECT_CONVERSION = YES_AGGRESSIVE;
				CLANG_CXX_LANGUAGE_STANDARD = "gnu++14";
				CLANG_CXX_LIBRARY = "libc++";
				CLANG_ENABLE_MODULES = YES;
				CLANG_ENABLE_OBJC_ARC = YES;
				CLANG_ENABLE_OBJC_WEAK = YES;
				CLANG_WARN_BLOCK_CAPTURE_AUTORELEASING = YES;
				CLANG_WARN_BOOL_CONVERSION = YES;
				CLANG_WARN_COMMA = YES;
				CLANG_WARN_CONSTANT_CONVERSION = YES;
				CLANG_WARN_DEPRECATED_OBJC_IMPLEMENTATIONS = YES;
				CLANG_WARN_DIRECT_OBJC_ISA_USAGE = YES_ERROR;
				CLANG_WARN_DOCUMENTATION_COMMENTS = YES;
				CLANG_WARN_EMPTY_BODY = YES;
				CLANG_WARN_ENUM_CONVERSION = YES;
				CLANG_WARN_INFINITE_RECURSION = YES;
				CLANG_WARN_INT_CONVERSION = YES;
				CLANG_WARN_NON_LITERAL_NULL_CONVERSION = YES;
				CLANG_WARN_OBJC_IMPLICIT_RETAIN_SELF = YES;
				CLANG_WARN_OBJC_LITERAL_CONVERSION = YES;
				CLANG_WARN_OBJC_ROOT_CLASS = YES_ERROR;
				CLANG_WARN_RANGE_LOOP_ANALYSIS = YES;
				CLANG_WARN_STRICT_PROTOTYPES = YES;
				CLANG_WARN_SUSPICIOUS_MOVE = YES;
				CLANG_WARN_UNGUARDED_AVAILABILITY = YES_AGGRESSIVE;
				CLANG_WARN_UNREACHABLE_CODE = YES;
				CLANG_WARN__DUPLICATE_METHOD_MATCH = YES;
				CODE_SIGN_IDENTITY = "iPhone Developer";
				COPY_PHASE_STRIP = NO;
				DEBUG_INFORMATION_FORMAT = dwarf;
				ENABLE_STRICT_OBJC_MSGSEND = YES;
				ENABLE_TESTABILITY = YES;
				GCC_C_LANGUAGE_STANDARD = gnu11;
				GCC_DYNAMIC_NO_PIC = NO;
				GCC_NO_COMMON_BLOCKS = YES;
				GCC_OPTIMIZATION_LEVEL = 0;
				GCC_PREPROCESSOR_DEFINITIONS = (
					"DEBUG=1",
					"$(inherited)",
				);
				GCC_WARN_64_TO_32_BIT_CONVERSION = YES;
				GCC_WARN_ABOUT_RETURN_TYPE = YES_ERROR;
				GCC_WARN_UNDECLARED_SELECTOR = YES;
				GCC_WARN_UNINITIALIZED_AUTOS = YES_AGGRESSIVE;
				GCC_WARN_UNUSED_FUNCTION = YES;
				GCC_WARN_UNUSED_VARIABLE = YES;
				IPHONEOS_DEPLOYMENT_TARGET = 12.1;
				MTL_ENABLE_DEBUG_INFO = INCLUDE_SOURCE;
				MTL_FAST_MATH = YES;
				ONLY_ACTIVE_ARCH = YES;
				SDKROOT = iphoneos;
				SWIFT_ACTIVE_COMPILATION_CONDITIONS = DEBUG;
				SWIFT_OPTIMIZATION_LEVEL = "-Onone";
			};
			name = Debug;
		};
		B518E0AD237037ED0023DCD1 /* Release */ = {
			isa = XCBuildConfiguration;
			buildSettings = {
				ALWAYS_SEARCH_USER_PATHS = NO;
				CLANG_ANALYZER_NONNULL = YES;
				CLANG_ANALYZER_NUMBER_OBJECT_CONVERSION = YES_AGGRESSIVE;
				CLANG_CXX_LANGUAGE_STANDARD = "gnu++14";
				CLANG_CXX_LIBRARY = "libc++";
				CLANG_ENABLE_MODULES = YES;
				CLANG_ENABLE_OBJC_ARC = YES;
				CLANG_ENABLE_OBJC_WEAK = YES;
				CLANG_WARN_BLOCK_CAPTURE_AUTORELEASING = YES;
				CLANG_WARN_BOOL_CONVERSION = YES;
				CLANG_WARN_COMMA = YES;
				CLANG_WARN_CONSTANT_CONVERSION = YES;
				CLANG_WARN_DEPRECATED_OBJC_IMPLEMENTATIONS = YES;
				CLANG_WARN_DIRECT_OBJC_ISA_USAGE = YES_ERROR;
				CLANG_WARN_DOCUMENTATION_COMMENTS = YES;
				CLANG_WARN_EMPTY_BODY = YES;
				CLANG_WARN_ENUM_CONVERSION = YES;
				CLANG_WARN_INFINITE_RECURSION = YES;
				CLANG_WARN_INT_CONVERSION = YES;
				CLANG_WARN_NON_LITERAL_NULL_CONVERSION = YES;
				CLANG_WARN_OBJC_IMPLICIT_RETAIN_SELF = YES;
				CLANG_WARN_OBJC_LITERAL_CONVERSION = YES;
				CLANG_WARN_OBJC_ROOT_CLASS = YES_ERROR;
				CLANG_WARN_RANGE_LOOP_ANALYSIS = YES;
				CLANG_WARN_STRICT_PROTOTYPES = YES;
				CLANG_WARN_SUSPICIOUS_MOVE = YES;
				CLANG_WARN_UNGUARDED_AVAILABILITY = YES_AGGRESSIVE;
				CLANG_WARN_UNREACHABLE_CODE = YES;
				CLANG_WARN__DUPLICATE_METHOD_MATCH = YES;
				CODE_SIGN_IDENTITY = "iPhone Developer";
				COPY_PHASE_STRIP = NO;
				DEBUG_INFORMATION_FORMAT = "dwarf-with-dsym";
				ENABLE_NS_ASSERTIONS = NO;
				ENABLE_STRICT_OBJC_MSGSEND = YES;
				GCC_C_LANGUAGE_STANDARD = gnu11;
				GCC_NO_COMMON_BLOCKS = YES;
				GCC_WARN_64_TO_32_BIT_CONVERSION = YES;
				GCC_WARN_ABOUT_RETURN_TYPE = YES_ERROR;
				GCC_WARN_UNDECLARED_SELECTOR = YES;
				GCC_WARN_UNINITIALIZED_AUTOS = YES_AGGRESSIVE;
				GCC_WARN_UNUSED_FUNCTION = YES;
				GCC_WARN_UNUSED_VARIABLE = YES;
				IPHONEOS_DEPLOYMENT_TARGET = 12.1;
				MTL_ENABLE_DEBUG_INFO = NO;
				MTL_FAST_MATH = YES;
				SDKROOT = iphoneos;
				SWIFT_COMPILATION_MODE = wholemodule;
				SWIFT_OPTIMIZATION_LEVEL = "-O";
				VALIDATE_PRODUCT = YES;
			};
			name = Release;
		};
		B518E0AF237037ED0023DCD1 /* Debug */ = {
			isa = XCBuildConfiguration;
			buildSettings = {
				ASSETCATALOG_COMPILER_APPICON_NAME = AppIcon;
				CODE_SIGN_STYLE = Automatic;
				DEVELOPMENT_TEAM = 9AK87BZD22;
				INFOPLIST_FILE = "iBeacon test/Info.plist";
				IPHONEOS_DEPLOYMENT_TARGET = 12.0;
				LD_RUNPATH_SEARCH_PATHS = (
					"$(inherited)",
					"@executable_path/Frameworks",
				);
				PRODUCT_BUNDLE_IDENTIFIER = "com.Trial.iBeacon-test";
				PRODUCT_NAME = "$(TARGET_NAME)";
				SWIFT_VERSION = 4.2;
				TARGETED_DEVICE_FAMILY = "1,2";
			};
			name = Debug;
		};
		B518E0B0237037ED0023DCD1 /* Release */ = {
			isa = XCBuildConfiguration;
			buildSettings = {
				ASSETCATALOG_COMPILER_APPICON_NAME = AppIcon;
				CODE_SIGN_STYLE = Automatic;
				DEVELOPMENT_TEAM = 9AK87BZD22;
				INFOPLIST_FILE = "iBeacon test/Info.plist";
				IPHONEOS_DEPLOYMENT_TARGET = 12.0;
				LD_RUNPATH_SEARCH_PATHS = (
					"$(inherited)",
					"@executable_path/Frameworks",
				);
				PRODUCT_BUNDLE_IDENTIFIER = "com.Trial.iBeacon-test";
				PRODUCT_NAME = "$(TARGET_NAME)";
				SWIFT_VERSION = 4.2;
				TARGETED_DEVICE_FAMILY = "1,2";
			};
			name = Release;
		};
		B518E0B2237037ED0023DCD1 /* Debug */ = {
			isa = XCBuildConfiguration;
			buildSettings = {
				ALWAYS_EMBED_SWIFT_STANDARD_LIBRARIES = YES;
				BUNDLE_LOADER = "$(TEST_HOST)";
				CODE_SIGN_STYLE = Automatic;
				DEVELOPMENT_TEAM = 9AK87BZD22;
				INFOPLIST_FILE = "iBeacon testTests/Info.plist";
				LD_RUNPATH_SEARCH_PATHS = (
					"$(inherited)",
					"@executable_path/Frameworks",
					"@loader_path/Frameworks",
				);
				PRODUCT_BUNDLE_IDENTIFIER = "com.Trial.iBeacon-testTests";
				PRODUCT_NAME = "$(TARGET_NAME)";
				SWIFT_VERSION = 4.2;
				TARGETED_DEVICE_FAMILY = "1,2";
				TEST_HOST = "$(BUILT_PRODUCTS_DIR)/iBeacon test.app/iBeacon test";
			};
			name = Debug;
		};
		B518E0B3237037ED0023DCD1 /* Release */ = {
			isa = XCBuildConfiguration;
			buildSettings = {
				ALWAYS_EMBED_SWIFT_STANDARD_LIBRARIES = YES;
				BUNDLE_LOADER = "$(TEST_HOST)";
				CODE_SIGN_STYLE = Automatic;
				DEVELOPMENT_TEAM = 9AK87BZD22;
				INFOPLIST_FILE = "iBeacon testTests/Info.plist";
				LD_RUNPATH_SEARCH_PATHS = (
					"$(inherited)",
					"@executable_path/Frameworks",
					"@loader_path/Frameworks",
				);
				PRODUCT_BUNDLE_IDENTIFIER = "com.Trial.iBeacon-testTests";
				PRODUCT_NAME = "$(TARGET_NAME)";
				SWIFT_VERSION = 4.2;
				TARGETED_DEVICE_FAMILY = "1,2";
				TEST_HOST = "$(BUILT_PRODUCTS_DIR)/iBeacon test.app/iBeacon test";
			};
			name = Release;
		};
		B518E0B5237037ED0023DCD1 /* Debug */ = {
			isa = XCBuildConfiguration;
			buildSettings = {
				ALWAYS_EMBED_SWIFT_STANDARD_LIBRARIES = YES;
				CODE_SIGN_STYLE = Automatic;
				DEVELOPMENT_TEAM = 9AK87BZD22;
				INFOPLIST_FILE = "iBeacon testUITests/Info.plist";
				LD_RUNPATH_SEARCH_PATHS = (
					"$(inherited)",
					"@executable_path/Frameworks",
					"@loader_path/Frameworks",
				);
				PRODUCT_BUNDLE_IDENTIFIER = "com.Trial.iBeacon-testUITests";
				PRODUCT_NAME = "$(TARGET_NAME)";
				SWIFT_VERSION = 4.2;
				TARGETED_DEVICE_FAMILY = "1,2";
				TEST_TARGET_NAME = "iBeacon test";
			};
			name = Debug;
		};
		B518E0B6237037ED0023DCD1 /* Release */ = {
			isa = XCBuildConfiguration;
			buildSettings = {
				ALWAYS_EMBED_SWIFT_STANDARD_LIBRARIES = YES;
				CODE_SIGN_STYLE = Automatic;
				DEVELOPMENT_TEAM = 9AK87BZD22;
				INFOPLIST_FILE = "iBeacon testUITests/Info.plist";
				LD_RUNPATH_SEARCH_PATHS = (
					"$(inherited)",
					"@executable_path/Frameworks",
					"@loader_path/Frameworks",
				);
				PRODUCT_BUNDLE_IDENTIFIER = "com.Trial.iBeacon-testUITests";
				PRODUCT_NAME = "$(TARGET_NAME)";
				SWIFT_VERSION = 4.2;
				TARGETED_DEVICE_FAMILY = "1,2";
				TEST_TARGET_NAME = "iBeacon test";
			};
			name = Release;
		};
/* End XCBuildConfiguration section */

/* Begin XCConfigurationList section */
		B518E081237037EC0023DCD1 /* Build configuration list for PBXProject "iBeacon test" */ = {
			isa = XCConfigurationList;
			buildConfigurations = (
				B518E0AC237037ED0023DCD1 /* Debug */,
				B518E0AD237037ED0023DCD1 /* Release */,
			);
			defaultConfigurationIsVisible = 0;
			defaultConfigurationName = Release;
		};
		B518E0AE237037ED0023DCD1 /* Build configuration list for PBXNativeTarget "iBeacon test" */ = {
			isa = XCConfigurationList;
			buildConfigurations = (
				B518E0AF237037ED0023DCD1 /* Debug */,
				B518E0B0237037ED0023DCD1 /* Release */,
			);
			defaultConfigurationIsVisible = 0;
			defaultConfigurationName = Release;
		};
		B518E0B1237037ED0023DCD1 /* Build configuration list for PBXNativeTarget "iBeacon testTests" */ = {
			isa = XCConfigurationList;
			buildConfigurations = (
				B518E0B2237037ED0023DCD1 /* Debug */,
				B518E0B3237037ED0023DCD1 /* Release */,
			);
			defaultConfigurationIsVisible = 0;
			defaultConfigurationName = Release;
		};
		B518E0B4237037ED0023DCD1 /* Build configuration list for PBXNativeTarget "iBeacon testUITests" */ = {
			isa = XCConfigurationList;
			buildConfigurations = (
				B518E0B5237037ED0023DCD1 /* Debug */,
				B518E0B6237037ED0023DCD1 /* Release */,
			);
			defaultConfigurationIsVisible = 0;
			defaultConfigurationName = Release;
		};
/* End XCConfigurationList section */
	};
	rootObject = B518E07E237037EC0023DCD1 /* Project object */;
}
